
Microsoft Visual Studio Solution File, Format Version 12.00
# Visual Studio Version 17
VisualStudioVersion = 17.10.34928.147
MinimumVisualStudioVersion = 10.0.40219.1
Project("{FAE04EC0-301F-11D3-BF4B-00C04F79EFBC}") = "Console Project", "Console Project\Console Project.csproj", "{A077F8B2-DE73-4E02-ABB6-0F0E00E41CC0}"
EndProject
Project("{FAE04EC0-301F-11D3-BF4B-00C04F79EFBC}") = "TestProject1", "TestProject1\TestProject1.csproj", "{CE26E3D7-3A13-4943-92B9-490AD0367D8B}"
EndProject
Global
	GlobalSection(SolutionConfigurationPlatforms) = preSolution
		Debug|Any CPU = Debug|Any CPU
		Release|Any CPU = Release|Any CPU
	EndGlobalSection
	GlobalSection(ProjectConfigurationPlatforms) = postSolution
		{A077F8B2-DE73-4E02-ABB6-0F0E00E41CC0}.Debug|Any CPU.ActiveCfg = Debug|Any CPU
		{A077F8B2-DE73-4E02-ABB6-0F0E00E41CC0}.Debug|Any CPU.Build.0 = Debug|Any CPU
		{A077F8B2-DE73-4E02-ABB6-0F0E00E41CC0}.Release|Any CPU.ActiveCfg = Release|Any CPU
		{A077F8B2-DE73-4E02-ABB6-0F0E00E41CC0}.Release|Any CPU.Build.0 = Release|Any CPU
		{CE26E3D7-3A13-4943-92B9-490AD0367D8B}.Debug|Any CPU.ActiveCfg = Debug|Any CPU
		{CE26E3D7-3A13-4943-92B9-490AD0367D8B}.Debug|Any CPU.Build.0 = Debug|Any CPU
		{CE26E3D7-3A13-4943-92B9-490AD0367D8B}.Release|Any CPU.ActiveCfg = Release|Any CPU
		{CE26E3D7-3A13-4943-92B9-490AD0367D8B}.Release|Any CPU.Build.0 = Release|Any CPU
	EndGlobalSection
	GlobalSection(SolutionProperties) = preSolution
		HideSolutionNode = FALSE
	EndGlobalSection
	GlobalSection(ExtensibilityGlobals) = postSolution
		SolutionGuid = {40AF26EC-CFC1-4054-BE26-BDC4CD38031A}
	EndGlobalSection
EndGlobal
